
Microsoft Visual Studio Solution File, Format Version 12.00
# Visual Studio Version 17
VisualStudioVersion = 17.11.35312.102
MinimumVisualStudioVersion = 10.0.40219.1
Project("{FAE04EC0-301F-11D3-BF4B-00C04F79EFBC}") = "01_MainSubjects", "01_MainSubjects\01_MainSubjects.csproj", "{52886056-D14F-43FC-9F3B-54452666E526}"
EndProject
Project("{FAE04EC0-301F-11D3-BF4B-00C04F79EFBC}") = "02_Variables", "02_Variables\02_Variables.csproj", "{5DAE3B84-82E9-49C9-9AB0-CAF6403B34FC}"
EndProject
Project("{FAE04EC0-301F-11D3-BF4B-00C04F79EFBC}") = "03_MakingDecision", "03_MakingDecision\03_MakingDecision.csproj", "{7D13AFFD-8920-4E83-9B87-BE901275C9EA}"
EndProject
Project("{FAE04EC0-301F-11D3-BF4B-00C04F79EFBC}") = "04_Loops", "04_Loops\04_Loops.csproj", "{3FFFD34F-EE68-49EE-9B39-91169527753A}"
EndProject
Global
	GlobalSection(SolutionConfigurationPlatforms) = preSolution
		Debug|Any CPU = Debug|Any CPU
		Release|Any CPU = Release|Any CPU
	EndGlobalSection
	GlobalSection(ProjectConfigurationPlatforms) = postSolution
		{52886056-D14F-43FC-9F3B-54452666E526}.Debug|Any CPU.ActiveCfg = Debug|Any CPU
		{52886056-D14F-43FC-9F3B-54452666E526}.Debug|Any CPU.Build.0 = Debug|Any CPU
		{52886056-D14F-43FC-9F3B-54452666E526}.Release|Any CPU.ActiveCfg = Release|Any CPU
		{52886056-D14F-43FC-9F3B-54452666E526}.Release|Any CPU.Build.0 = Release|Any CPU
		{5DAE3B84-82E9-49C9-9AB0-CAF6403B34FC}.Debug|Any CPU.ActiveCfg = Debug|Any CPU
		{5DAE3B84-82E9-49C9-9AB0-CAF6403B34FC}.Debug|Any CPU.Build.0 = Debug|Any CPU
		{5DAE3B84-82E9-49C9-9AB0-CAF6403B34FC}.Release|Any CPU.ActiveCfg = Release|Any CPU
		{5DAE3B84-82E9-49C9-9AB0-CAF6403B34FC}.Release|Any CPU.Build.0 = Release|Any CPU
		{7D13AFFD-8920-4E83-9B87-BE901275C9EA}.Debug|Any CPU.ActiveCfg = Debug|Any CPU
		{7D13AFFD-8920-4E83-9B87-BE901275C9EA}.Debug|Any CPU.Build.0 = Debug|Any CPU
		{7D13AFFD-8920-4E83-9B87-BE901275C9EA}.Release|Any CPU.ActiveCfg = Release|Any CPU
		{7D13AFFD-8920-4E83-9B87-BE901275C9EA}.Release|Any CPU.Build.0 = Release|Any CPU
		{3FFFD34F-EE68-49EE-9B39-91169527753A}.Debug|Any CPU.ActiveCfg = Debug|Any CPU
		{3FFFD34F-EE68-49EE-9B39-91169527753A}.Debug|Any CPU.Build.0 = Debug|Any CPU
		{3FFFD34F-EE68-49EE-9B39-91169527753A}.Release|Any CPU.ActiveCfg = Release|Any CPU
		{3FFFD34F-EE68-49EE-9B39-91169527753A}.Release|Any CPU.Build.0 = Release|Any CPU
	EndGlobalSection
	GlobalSection(SolutionProperties) = preSolution
		HideSolutionNode = FALSE
	EndGlobalSection
	GlobalSection(ExtensibilityGlobals) = postSolution
		SolutionGuid = {6B09F73E-4AFD-4992-997E-63AC0907E990}
	EndGlobalSection
EndGlobal
